
Microsoft Visual Studio Solution File, Format Version 12.00
# Visual Studio Version 17
VisualStudioVersion = 17.2.32630.192
MinimumVisualStudioVersion = 10.0.40219.1
Project("{FAE04EC0-301F-11D3-BF4B-00C04F79EFBC}") = "CodeFirst2", "CodeFirst2\CodeFirst2.csproj", "{0B627775-DDF0-4E77-9EE7-F768335DFF48}"
EndProject
Global
	GlobalSection(SolutionConfigurationPlatforms) = preSolution
		Debug|Any CPU = Debug|Any CPU
		Release|Any CPU = Release|Any CPU
	EndGlobalSection
	GlobalSection(ProjectConfigurationPlatforms) = postSolution
		{0B627775-DDF0-4E77-9EE7-F768335DFF48}.Debug|Any CPU.ActiveCfg = Debug|Any CPU
		{0B627775-DDF0-4E77-9EE7-F768335DFF48}.Debug|Any CPU.Build.0 = Debug|Any CPU
		{0B627775-DDF0-4E77-9EE7-F768335DFF48}.Release|Any CPU.ActiveCfg = Release|Any CPU
		{0B627775-DDF0-4E77-9EE7-F768335DFF48}.Release|Any CPU.Build.0 = Release|Any CPU
	EndGlobalSection
	GlobalSection(SolutionProperties) = preSolution
		HideSolutionNode = FALSE
	EndGlobalSection
	GlobalSection(ExtensibilityGlobals) = postSolution
		SolutionGuid = {524F69E6-01BA-4044-B953-0D69563091B6}
	EndGlobalSection
EndGlobal
