
Microsoft Visual Studio Solution File, Format Version 12.00
# Visual Studio Version 17
VisualStudioVersion = 17.2.32630.192
MinimumVisualStudioVersion = 10.0.40219.1
Project("{FAE04EC0-301F-11D3-BF4B-00C04F79EFBC}") = "CodeFirstDepth", "CodeFirstDepth\CodeFirstDepth.csproj", "{EA88C9C4-1BEE-4F6C-BF6A-92E999F691C6}"
EndProject
Global
	GlobalSection(SolutionConfigurationPlatforms) = preSolution
		Debug|Any CPU = Debug|Any CPU
		Release|Any CPU = Release|Any CPU
	EndGlobalSection
	GlobalSection(ProjectConfigurationPlatforms) = postSolution
		{EA88C9C4-1BEE-4F6C-BF6A-92E999F691C6}.Debug|Any CPU.ActiveCfg = Debug|Any CPU
		{EA88C9C4-1BEE-4F6C-BF6A-92E999F691C6}.Debug|Any CPU.Build.0 = Debug|Any CPU
		{EA88C9C4-1BEE-4F6C-BF6A-92E999F691C6}.Release|Any CPU.ActiveCfg = Release|Any CPU
		{EA88C9C4-1BEE-4F6C-BF6A-92E999F691C6}.Release|Any CPU.Build.0 = Release|Any CPU
	EndGlobalSection
	GlobalSection(SolutionProperties) = preSolution
		HideSolutionNode = FALSE
	EndGlobalSection
	GlobalSection(ExtensibilityGlobals) = postSolution
		SolutionGuid = {FE0B8795-B5AA-4075-86E0-7416557E8749}
	EndGlobalSection
EndGlobal
